// !$*UTF8*$!
{
	archiveVersion = 1;
	classes = {
	};
	objectVersion = 50;
	objects = {

/* Begin PBXBuildFile section */
		F6057A1B258380CB0073F3A8 /* AppDelegate.swift in Sources */ = {isa = PBXBuildFile; fileRef = F6057A1A258380CB0073F3A8 /* AppDelegate.swift */; };
		F6057A1D258380CB0073F3A8 /* art.scnassets in Resources */ = {isa = PBXBuildFile; fileRef = F6057A1C258380CB0073F3A8 /* art.scnassets */; };
		F6057A1F258380CB0073F3A8 /* ViewController.swift in Sources */ = {isa = PBXBuildFile; fileRef = F6057A1E258380CB0073F3A8 /* ViewController.swift */; };
		F6057A22258380CB0073F3A8 /* Main.storyboard in Resources */ = {isa = PBXBuildFile; fileRef = F6057A20258380CB0073F3A8 /* Main.storyboard */; };
		F6057A24258380CF0073F3A8 /* Assets.xcassets in Resources */ = {isa = PBXBuildFile; fileRef = F6057A23258380CF0073F3A8 /* Assets.xcassets */; };
		F6057A27258380CF0073F3A8 /* LaunchScreen.storyboard in Resources */ = {isa = PBXBuildFile; fileRef = F6057A25258380CF0073F3A8 /* LaunchScreen.storyboard */; };
		F6057A32258380CF0073F3A8 /* PlanetTests.swift in Sources */ = {isa = PBXBuildFile; fileRef = F6057A31258380CF0073F3A8 /* PlanetTests.swift */; };
		F6057A3D258380D00073F3A8 /* PlanetUITests.swift in Sources */ = {isa = PBXBuildFile; fileRef = F6057A3C258380D00073F3A8 /* PlanetUITests.swift */; };
		F647B52425846D2400BA8C55 /* RobotIntro.reality in Resources */ = {isa = PBXBuildFile; fileRef = F647B52325846D2400BA8C55 /* RobotIntro.reality */; };
/* End PBXBuildFile section */

/* Begin PBXContainerItemProxy section */
		F6057A2E258380CF0073F3A8 /* PBXContainerItemProxy */ = {
			isa = PBXContainerItemProxy;
			containerPortal = F6057A0F258380CB0073F3A8 /* Project object */;
			proxyType = 1;
			remoteGlobalIDString = F6057A16258380CB0073F3A8;
			remoteInfo = Planet;
		};
		F6057A39258380D00073F3A8 /* PBXContainerItemProxy */ = {
			isa = PBXContainerItemProxy;
			containerPortal = F6057A0F258380CB0073F3A8 /* Project object */;
			proxyType = 1;
			remoteGlobalIDString = F6057A16258380CB0073F3A8;
			remoteInfo = Planet;
		};
/* End PBXContainerItemProxy section */

/* Begin PBXFileReference section */
		F6057A17258380CB0073F3A8 /* Planet.app */ = {isa = PBXFileReference; explicitFileType = wrapper.application; includeInIndex = 0; path = Planet.app; sourceTree = BUILT_PRODUCTS_DIR; };
		F6057A1A258380CB0073F3A8 /* AppDelegate.swift */ = {isa = PBXFileReference; lastKnownFileType = sourcecode.swift; path = AppDelegate.swift; sourceTree = "<group>"; };
		F6057A1C258380CB0073F3A8 /* art.scnassets */ = {isa = PBXFileReference; lastKnownFileType = wrapper.scnassets; path = art.scnassets; sourceTree = "<group>"; };
		F6057A1E258380CB0073F3A8 /* ViewController.swift */ = {isa = PBXFileReference; lastKnownFileType = sourcecode.swift; path = ViewController.swift; sourceTree = "<group>"; };
		F6057A21258380CB0073F3A8 /* Base */ = {isa = PBXFileReference; lastKnownFileType = file.storyboard; name = Base; path = Base.lproj/Main.storyboard; sourceTree = "<group>"; };
		F6057A23258380CF0073F3A8 /* Assets.xcassets */ = {isa = PBXFileReference; lastKnownFileType = folder.assetcatalog; path = Assets.xcassets; sourceTree = "<group>"; };
		F6057A26258380CF0073F3A8 /* Base */ = {isa = PBXFileReference; lastKnownFileType = file.storyboard; name = Base; path = Base.lproj/LaunchScreen.storyboard; sourceTree = "<group>"; };
		F6057A28258380CF0073F3A8 /* Info.plist */ = {isa = PBXFileReference; lastKnownFileType = text.plist.xml; path = Info.plist; sourceTree = "<group>"; };
		F6057A2D258380CF0073F3A8 /* PlanetTests.xctest */ = {isa = PBXFileReference; explicitFileType = wrapper.cfbundle; includeInIndex = 0; path = PlanetTests.xctest; sourceTree = BUILT_PRODUCTS_DIR; };
		F6057A31258380CF0073F3A8 /* PlanetTests.swift */ = {isa = PBXFileReference; lastKnownFileType = sourcecode.swift; path = PlanetTests.swift; sourceTree = "<group>"; };
		F6057A33258380CF0073F3A8 /* Info.plist */ = {isa = PBXFileReference; lastKnownFileType = text.plist.xml; path = Info.plist; sourceTree = "<group>"; };
		F6057A38258380D00073F3A8 /* PlanetUITests.xctest */ = {isa = PBXFileReference; explicitFileType = wrapper.cfbundle; includeInIndex = 0; path = PlanetUITests.xctest; sourceTree = BUILT_PRODUCTS_DIR; };
		F6057A3C258380D00073F3A8 /* PlanetUITests.swift */ = {isa = PBXFileReference; lastKnownFileType = sourcecode.swift; path = PlanetUITests.swift; sourceTree = "<group>"; };
		F6057A3E258380D00073F3A8 /* Info.plist */ = {isa = PBXFileReference; lastKnownFileType = text.plist.xml; path = Info.plist; sourceTree = "<group>"; };
		F647B52325846D2400BA8C55 /* RobotIntro.reality */ = {isa = PBXFileReference; lastKnownFileType = file; path = RobotIntro.reality; sourceTree = "<group>"; };
/* End PBXFileReference section */

/* Begin PBXFrameworksBuildPhase section */
		F6057A14258380CB0073F3A8 /* Frameworks */ = {
			isa = PBXFrameworksBuildPhase;
			buildActionMask = 2147483647;
			files = (
			);
			runOnlyForDeploymentPostprocessing = 0;
		};
		F6057A2A258380CF0073F3A8 /* Frameworks */ = {
			isa = PBXFrameworksBuildPhase;
			buildActionMask = 2147483647;
			files = (
			);
			runOnlyForDeploymentPostprocessing = 0;
		};
		F6057A35258380D00073F3A8 /* Frameworks */ = {
			isa = PBXFrameworksBuildPhase;
			buildActionMask = 2147483647;
			files = (
			);
			runOnlyForDeploymentPostprocessing = 0;
		};
/* End PBXFrameworksBuildPhase section */

/* Begin PBXGroup section */
		F6057A0E258380CB0073F3A8 = {
			isa = PBXGroup;
			children = (
				F6057A19258380CB0073F3A8 /* Planet */,
				F6057A30258380CF0073F3A8 /* PlanetTests */,
				F6057A3B258380D00073F3A8 /* PlanetUITests */,
				F6057A18258380CB0073F3A8 /* Products */,
			);
			sourceTree = "<group>";
		};
		F6057A18258380CB0073F3A8 /* Products */ = {
			isa = PBXGroup;
			children = (
				F6057A17258380CB0073F3A8 /* Planet.app */,
				F6057A2D258380CF0073F3A8 /* PlanetTests.xctest */,
				F6057A38258380D00073F3A8 /* PlanetUITests.xctest */,
			);
			name = Products;
			sourceTree = "<group>";
		};
		F6057A19258380CB0073F3A8 /* Planet */ = {
			isa = PBXGroup;
			children = (
				F6057A1A258380CB0073F3A8 /* AppDelegate.swift */,
				F6057A1C258380CB0073F3A8 /* art.scnassets */,
				F6057A1E258380CB0073F3A8 /* ViewController.swift */,
				F6057A20258380CB0073F3A8 /* Main.storyboard */,
				F6057A23258380CF0073F3A8 /* Assets.xcassets */,
				F6057A25258380CF0073F3A8 /* LaunchScreen.storyboard */,
				F6057A28258380CF0073F3A8 /* Info.plist */,
				F647B52325846D2400BA8C55 /* RobotIntro.reality */,
			);
			path = Planet;
			sourceTree = "<group>";
		};
		F6057A30258380CF0073F3A8 /* PlanetTests */ = {
			isa = PBXGroup;
			children = (
				F6057A31258380CF0073F3A8 /* PlanetTests.swift */,
				F6057A33258380CF0073F3A8 /* Info.plist */,
			);
			path = PlanetTests;
			sourceTree = "<group>";
		};
		F6057A3B258380D00073F3A8 /* PlanetUITests */ = {
			isa = PBXGroup;
			children = (
				F6057A3C258380D00073F3A8 /* PlanetUITests.swift */,
				F6057A3E258380D00073F3A8 /* Info.plist */,
			);
			path = PlanetUITests;
			sourceTree = "<group>";
		};
/* End PBXGroup section */

/* Begin PBXNativeTarget section */
		F6057A16258380CB0073F3A8 /* Planet */ = {
			isa = PBXNativeTarget;
			buildConfigurationList = F6057A41258380D00073F3A8 /* Build configuration list for PBXNativeTarget "Planet" */;
			buildPhases = (
				F6057A13258380CB0073F3A8 /* Sources */,
				F6057A14258380CB0073F3A8 /* Frameworks */,
				F6057A15258380CB0073F3A8 /* Resources */,
			);
			buildRules = (
			);
			dependencies = (
			);
			name = Planet;
			productName = Planet;
			productReference = F6057A17258380CB0073F3A8 /* Planet.app */;
			productType = "com.apple.product-type.application";
		};
		F6057A2C258380CF0073F3A8 /* PlanetTests */ = {
			isa = PBXNativeTarget;
			buildConfigurationList = F6057A44258380D00073F3A8 /* Build configuration list for PBXNativeTarget "PlanetTests" */;
			buildPhases = (
				F6057A29258380CF0073F3A8 /* Sources */,
				F6057A2A258380CF0073F3A8 /* Frameworks */,
				F6057A2B258380CF0073F3A8 /* Resources */,
			);
			buildRules = (
			);
			dependencies = (
				F6057A2F258380CF0073F3A8 /* PBXTargetDependency */,
			);
			name = PlanetTests;
			productName = PlanetTests;
			productReference = F6057A2D258380CF0073F3A8 /* PlanetTests.xctest */;
			productType = "com.apple.product-type.bundle.unit-test";
		};
		F6057A37258380D00073F3A8 /* PlanetUITests */ = {
			isa = PBXNativeTarget;
			buildConfigurationList = F6057A47258380D00073F3A8 /* Build configuration list for PBXNativeTarget "PlanetUITests" */;
			buildPhases = (
				F6057A34258380D00073F3A8 /* Sources */,
				F6057A35258380D00073F3A8 /* Frameworks */,
				F6057A36258380D00073F3A8 /* Resources */,
			);
			buildRules = (
			);
			dependencies = (
				F6057A3A258380D00073F3A8 /* PBXTargetDependency */,
			);
			name = PlanetUITests;
			productName = PlanetUITests;
			productReference = F6057A38258380D00073F3A8 /* PlanetUITests.xctest */;
			productType = "com.apple.product-type.bundle.ui-testing";
		};
/* End PBXNativeTarget section */

/* Begin PBXProject section */
		F6057A0F258380CB0073F3A8 /* Project object */ = {
			isa = PBXProject;
			attributes = {
				LastSwiftUpdateCheck = 1220;
				LastUpgradeCheck = 1220;
				TargetAttributes = {
					F6057A16258380CB0073F3A8 = {
						CreatedOnToolsVersion = 12.2;
					};
					F6057A2C258380CF0073F3A8 = {
						CreatedOnToolsVersion = 12.2;
						TestTargetID = F6057A16258380CB0073F3A8;
					};
					F6057A37258380D00073F3A8 = {
						CreatedOnToolsVersion = 12.2;
						TestTargetID = F6057A16258380CB0073F3A8;
					};
				};
			};
			buildConfigurationList = F6057A12258380CB0073F3A8 /* Build configuration list for PBXProject "Planet" */;
			compatibilityVersion = "Xcode 9.3";
			developmentRegion = en;
			hasScannedForEncodings = 0;
			knownRegions = (
				en,
				Base,
			);
			mainGroup = F6057A0E258380CB0073F3A8;
			productRefGroup = F6057A18258380CB0073F3A8 /* Products */;
			projectDirPath = "";
			projectRoot = "";
			targets = (
				F6057A16258380CB0073F3A8 /* Planet */,
				F6057A2C258380CF0073F3A8 /* PlanetTests */,
				F6057A37258380D00073F3A8 /* PlanetUITests */,
			);
		};
/* End PBXProject section */

/* Begin PBXResourcesBuildPhase section */
		F6057A15258380CB0073F3A8 /* Resources */ = {
			isa = PBXResourcesBuildPhase;
			buildActionMask = 2147483647;
			files = (
				F6057A1D258380CB0073F3A8 /* art.scnassets in Resources */,
				F647B52425846D2400BA8C55 /* RobotIntro.reality in Resources */,
				F6057A27258380CF0073F3A8 /* LaunchScreen.storyboard in Resources */,
				F6057A24258380CF0073F3A8 /* Assets.xcassets in Resources */,
				F6057A22258380CB0073F3A8 /* Main.storyboard in Resources */,
			);
			runOnlyForDeploymentPostprocessing = 0;
		};
		F6057A2B258380CF0073F3A8 /* Resources */ = {
			isa = PBXResourcesBuildPhase;
			buildActionMask = 2147483647;
			files = (
			);
			runOnlyForDeploymentPostprocessing = 0;
		};
		F6057A36258380D00073F3A8 /* Resources */ = {
			isa = PBXResourcesBuildPhase;
			buildActionMask = 2147483647;
			files = (
			);
			runOnlyForDeploymentPostprocessing = 0;
		};
/* End PBXResourcesBuildPhase section */

/* Begin PBXSourcesBuildPhase section */
		F6057A13258380CB0073F3A8 /* Sources */ = {
			isa = PBXSourcesBuildPhase;
			buildActionMask = 2147483647;
			files = (
				F6057A1F258380CB0073F3A8 /* ViewController.swift in Sources */,
				F6057A1B258380CB0073F3A8 /* AppDelegate.swift in Sources */,
			);
			runOnlyForDeploymentPostprocessing = 0;
		};
		F6057A29258380CF0073F3A8 /* Sources */ = {
			isa = PBXSourcesBuildPhase;
			buildActionMask = 2147483647;
			files = (
				F6057A32258380CF0073F3A8 /* PlanetTests.swift in Sources */,
			);
			runOnlyForDeploymentPostprocessing = 0;
		};
		F6057A34258380D00073F3A8 /* Sources */ = {
			isa = PBXSourcesBuildPhase;
			buildActionMask = 2147483647;
			files = (
				F6057A3D258380D00073F3A8 /* PlanetUITests.swift in Sources */,
			);
			runOnlyForDeploymentPostprocessing = 0;
		};
/* End PBXSourcesBuildPhase section */

/* Begin PBXTargetDependency section */
		F6057A2F258380CF0073F3A8 /* PBXTargetDependency */ = {
			isa = PBXTargetDependency;
			target = F6057A16258380CB0073F3A8 /* Planet */;
			targetProxy = F6057A2E258380CF0073F3A8 /* PBXContainerItemProxy */;
		};
		F6057A3A258380D00073F3A8 /* PBXTargetDependency */ = {
			isa = PBXTargetDependency;
			target = F6057A16258380CB0073F3A8 /* Planet */;
			targetProxy = F6057A39258380D00073F3A8 /* PBXContainerItemProxy */;
		};
/* End PBXTargetDependency section */

/* Begin PBXVariantGroup section */
		F6057A20258380CB0073F3A8 /* Main.storyboard */ = {
			isa = PBXVariantGroup;
			children = (
				F6057A21258380CB0073F3A8 /* Base */,
			);
			name = Main.storyboard;
			sourceTree = "<group>";
		};
		F6057A25258380CF0073F3A8 /* LaunchScreen.storyboard */ = {
			isa = PBXVariantGroup;
			children = (
				F6057A26258380CF0073F3A8 /* Base */,
			);
			name = LaunchScreen.storyboard;
			sourceTree = "<group>";
		};
/* End PBXVariantGroup section */

/* Begin XCBuildConfiguration section */
		F6057A3F258380D00073F3A8 /* Debug */ = {
			isa = XCBuildConfiguration;
			buildSettings = {
				ALWAYS_SEARCH_USER_PATHS = NO;
				CLANG_ANALYZER_NONNULL = YES;
				CLANG_ANALYZER_NUMBER_OBJECT_CONVERSION = YES_AGGRESSIVE;
				CLANG_CXX_LANGUAGE_STANDARD = "gnu++14";
				CLANG_CXX_LIBRARY = "libc++";
				CLANG_ENABLE_MODULES = YES;
				CLANG_ENABLE_OBJC_ARC = YES;
				CLANG_ENABLE_OBJC_WEAK = YES;
				CLANG_WARN_BLOCK_CAPTURE_AUTORELEASING = YES;
				CLANG_WARN_BOOL_CONVERSION = YES;
				CLANG_WARN_COMMA = YES;
				CLANG_WARN_CONSTANT_CONVERSION = YES;
				CLANG_WARN_DEPRECATED_OBJC_IMPLEMENTATIONS = YES;
				CLANG_WARN_DIRECT_OBJC_ISA_USAGE = YES_ERROR;
				CLANG_WARN_DOCUMENTATION_COMMENTS = YES;
				CLANG_WARN_EMPTY_BODY = YES;
				CLANG_WARN_ENUM_CONVERSION = YES;
				CLANG_WARN_INFINITE_RECURSION = YES;
				CLANG_WARN_INT_CONVERSION = YES;
				CLANG_WARN_NON_LITERAL_NULL_CONVERSION = YES;
				CLANG_WARN_OBJC_IMPLICIT_RETAIN_SELF = YES;
				CLANG_WARN_OBJC_LITERAL_CONVERSION = YES;
				CLANG_WARN_OBJC_ROOT_CLASS = YES_ERROR;
				CLANG_WARN_QUOTED_INCLUDE_IN_FRAMEWORK_HEADER = YES;
				CLANG_WARN_RANGE_LOOP_ANALYSIS = YES;
				CLANG_WARN_STRICT_PROTOTYPES = YES;
				CLANG_WARN_SUSPICIOUS_MOVE = YES;
				CLANG_WARN_UNGUARDED_AVAILABILITY = YES_AGGRESSIVE;
				CLANG_WARN_UNREACHABLE_CODE = YES;
				CLANG_WARN__DUPLICATE_METHOD_MATCH = YES;
				COPY_PHASE_STRIP = NO;
				DEBUG_INFORMATION_FORMAT = dwarf;
				ENABLE_STRICT_OBJC_MSGSEND = YES;
				ENABLE_TESTABILITY = YES;
				GCC_C_LANGUAGE_STANDARD = gnu11;
				GCC_DYNAMIC_NO_PIC = NO;
				GCC_NO_COMMON_BLOCKS = YES;
				GCC_OPTIMIZATION_LEVEL = 0;
				GCC_PREPROCESSOR_DEFINITIONS = (
					"DEBUG=1",
					"$(inherited)",
				);
				GCC_WARN_64_TO_32_BIT_CONVERSION = YES;
				GCC_WARN_ABOUT_RETURN_TYPE = YES_ERROR;
				GCC_WARN_UNDECLARED_SELECTOR = YES;
				GCC_WARN_UNINITIALIZED_AUTOS = YES_AGGRESSIVE;
				GCC_WARN_UNUSED_FUNCTION = YES;
				GCC_WARN_UNUSED_VARIABLE = YES;
				IPHONEOS_DEPLOYMENT_TARGET = 14.2;
				MTL_ENABLE_DEBUG_INFO = INCLUDE_SOURCE;
				MTL_FAST_MATH = YES;
				ONLY_ACTIVE_ARCH = YES;
				SDKROOT = iphoneos;
				SWIFT_ACTIVE_COMPILATION_CONDITIONS = DEBUG;
				SWIFT_OPTIMIZATION_LEVEL = "-Onone";
			};
			name = Debug;
		};
		F6057A40258380D00073F3A8 /* Release */ = {
			isa = XCBuildConfiguration;
			buildSettings = {
				ALWAYS_SEARCH_USER_PATHS = NO;
				CLANG_ANALYZER_NONNULL = YES;
				CLANG_ANALYZER_NUMBER_OBJECT_CONVERSION = YES_AGGRESSIVE;
				CLANG_CXX_LANGUAGE_STANDARD = "gnu++14";
				CLANG_CXX_LIBRARY = "libc++";
				CLANG_ENABLE_MODULES = YES;
				CLANG_ENABLE_OBJC_ARC = YES;
				CLANG_ENABLE_OBJC_WEAK = YES;
				CLANG_WARN_BLOCK_CAPTURE_AUTORELEASING = YES;
				CLANG_WARN_BOOL_CONVERSION = YES;
				CLANG_WARN_COMMA = YES;
				CLANG_WARN_CONSTANT_CONVERSION = YES;
				CLANG_WARN_DEPRECATED_OBJC_IMPLEMENTATIONS = YES;
				CLANG_WARN_DIRECT_OBJC_ISA_USAGE = YES_ERROR;
				CLANG_WARN_DOCUMENTATION_COMMENTS = YES;
				CLANG_WARN_EMPTY_BODY = YES;
				CLANG_WARN_ENUM_CONVERSION = YES;
				CLANG_WARN_INFINITE_RECURSION = YES;
				CLANG_WARN_INT_CONVERSION = YES;
				CLANG_WARN_NON_LITERAL_NULL_CONVERSION = YES;
				CLANG_WARN_OBJC_IMPLICIT_RETAIN_SELF = YES;
				CLANG_WARN_OBJC_LITERAL_CONVERSION = YES;
				CLANG_WARN_OBJC_ROOT_CLASS = YES_ERROR;
				CLANG_WARN_QUOTED_INCLUDE_IN_FRAMEWORK_HEADER = YES;
				CLANG_WARN_RANGE_LOOP_ANALYSIS = YES;
				CLANG_WARN_STRICT_PROTOTYPES = YES;
				CLANG_WARN_SUSPICIOUS_MOVE = YES;
				CLANG_WARN_UNGUARDED_AVAILABILITY = YES_AGGRESSIVE;
				CLANG_WARN_UNREACHABLE_CODE = YES;
				CLANG_WARN__DUPLICATE_METHOD_MATCH = YES;
				COPY_PHASE_STRIP = NO;
				DEBUG_INFORMATION_FORMAT = "dwarf-with-dsym";
				ENABLE_NS_ASSERTIONS = NO;
				ENABLE_STRICT_OBJC_MSGSEND = YES;
				GCC_C_LANGUAGE_STANDARD = gnu11;
				GCC_NO_COMMON_BLOCKS = YES;
				GCC_WARN_64_TO_32_BIT_CONVERSION = YES;
				GCC_WARN_ABOUT_RETURN_TYPE = YES_ERROR;
				GCC_WARN_UNDECLARED_SELECTOR = YES;
				GCC_WARN_UNINITIALIZED_AUTOS = YES_AGGRESSIVE;
				GCC_WARN_UNUSED_FUNCTION = YES;
				GCC_WARN_UNUSED_VARIABLE = YES;
				IPHONEOS_DEPLOYMENT_TARGET = 14.2;
				MTL_ENABLE_DEBUG_INFO = NO;
				MTL_FAST_MATH = YES;
				SDKROOT = iphoneos;
				SWIFT_COMPILATION_MODE = wholemodule;
				SWIFT_OPTIMIZATION_LEVEL = "-O";
				VALIDATE_PRODUCT = YES;
			};
			name = Release;
		};
		F6057A42258380D00073F3A8 /* Debug */ = {
			isa = XCBuildConfiguration;
			buildSettings = {
				ASSETCATALOG_COMPILER_APPICON_NAME = AppIcon;
				ASSETCATALOG_COMPILER_GLOBAL_ACCENT_COLOR_NAME = AccentColor;
				CODE_SIGN_STYLE = Automatic;
				DEVELOPMENT_TEAM = BG3N2K44XQ;
				INFOPLIST_FILE = Planet/Info.plist;
				LD_RUNPATH_SEARCH_PATHS = (
					"$(inherited)",
					"@executable_path/Frameworks",
				);
				PRODUCT_BUNDLE_IDENTIFIER = Parkpro.Planet;
				PRODUCT_NAME = "$(TARGET_NAME)";
				SWIFT_VERSION = 5.0;
				TARGETED_DEVICE_FAMILY = "1,2";
			};
			name = Debug;
		};
		F6057A43258380D00073F3A8 /* Release */ = {
			isa = XCBuildConfiguration;
			buildSettings = {
				ASSETCATALOG_COMPILER_APPICON_NAME = AppIcon;
				ASSETCATALOG_COMPILER_GLOBAL_ACCENT_COLOR_NAME = AccentColor;
				CODE_SIGN_STYLE = Automatic;
				DEVELOPMENT_TEAM = BG3N2K44XQ;
				INFOPLIST_FILE = Planet/Info.plist;
				LD_RUNPATH_SEARCH_PATHS = (
					"$(inherited)",
					"@executable_path/Frameworks",
				);
				PRODUCT_BUNDLE_IDENTIFIER = Parkpro.Planet;
				PRODUCT_NAME = "$(TARGET_NAME)";
				SWIFT_VERSION = 5.0;
				TARGETED_DEVICE_FAMILY = "1,2";
			};
			name = Release;
		};
		F6057A45258380D00073F3A8 /* Debug */ = {
			isa = XCBuildConfiguration;
			buildSettings = {
				ALWAYS_EMBED_SWIFT_STANDARD_LIBRARIES = YES;
				BUNDLE_LOADER = "$(TEST_HOST)";
				CODE_SIGN_STYLE = Automatic;
				DEVELOPMENT_TEAM = BG3N2K44XQ;
				INFOPLIST_FILE = PlanetTests/Info.plist;
				IPHONEOS_DEPLOYMENT_TARGET = 14.2;
				LD_RUNPATH_SEARCH_PATHS = (
					"$(inherited)",
					"@executable_path/Frameworks",
					"@loader_path/Frameworks",
				);
				PRODUCT_BUNDLE_IDENTIFIER = Parkpro.PlanetTests;
				PRODUCT_NAME = "$(TARGET_NAME)";
				SWIFT_VERSION = 5.0;
				TARGETED_DEVICE_FAMILY = "1,2";
				TEST_HOST = "$(BUILT_PRODUCTS_DIR)/Planet.app/Planet";
			};
			name = Debug;
		};
		F6057A46258380D00073F3A8 /* Release */ = {
			isa = XCBuildConfiguration;
			buildSettings = {
				ALWAYS_EMBED_SWIFT_STANDARD_LIBRARIES = YES;
				BUNDLE_LOADER = "$(TEST_HOST)";
				CODE_SIGN_STYLE = Automatic;
				DEVELOPMENT_TEAM = BG3N2K44XQ;
				INFOPLIST_FILE = PlanetTests/Info.plist;
				IPHONEOS_DEPLOYMENT_TARGET = 14.2;
				LD_RUNPATH_SEARCH_PATHS = (
					"$(inherited)",
					"@executable_path/Frameworks",
					"@loader_path/Frameworks",
				);
				PRODUCT_BUNDLE_IDENTIFIER = Parkpro.PlanetTests;
				PRODUCT_NAME = "$(TARGET_NAME)";
				SWIFT_VERSION = 5.0;
				TARGETED_DEVICE_FAMILY = "1,2";
				TEST_HOST = "$(BUILT_PRODUCTS_DIR)/Planet.app/Planet";
			};
			name = Release;
		};
		F6057A48258380D00073F3A8 /* Debug */ = {
			isa = XCBuildConfiguration;
			buildSettings = {
				ALWAYS_EMBED_SWIFT_STANDARD_LIBRARIES = YES;
				CODE_SIGN_STYLE = Automatic;
				DEVELOPMENT_TEAM = BG3N2K44XQ;
				INFOPLIST_FILE = PlanetUITests/Info.plist;
				LD_RUNPATH_SEARCH_PATHS = (
					"$(inherited)",
					"@executable_path/Frameworks",
					"@loader_path/Frameworks",
				);
				PRODUCT_BUNDLE_IDENTIFIER = Parkpro.PlanetUITests;
				PRODUCT_NAME = "$(TARGET_NAME)";
				SWIFT_VERSION = 5.0;
				TARGETED_DEVICE_FAMILY = "1,2";
				TEST_TARGET_NAME = Planet;
			};
			name = Debug;
		};
		F6057A49258380D00073F3A8 /* Release */ = {
			isa = XCBuildConfiguration;
			buildSettings = {
				ALWAYS_EMBED_SWIFT_STANDARD_LIBRARIES = YES;
				CODE_SIGN_STYLE = Automatic;
				DEVELOPMENT_TEAM = BG3N2K44XQ;
				INFOPLIST_FILE = PlanetUITests/Info.plist;
				LD_RUNPATH_SEARCH_PATHS = (
					"$(inherited)",
					"@executable_path/Frameworks",
					"@loader_path/Frameworks",
				);
				PRODUCT_BUNDLE_IDENTIFIER = Parkpro.PlanetUITests;
				PRODUCT_NAME = "$(TARGET_NAME)";
				SWIFT_VERSION = 5.0;
				TARGETED_DEVICE_FAMILY = "1,2";
				TEST_TARGET_NAME = Planet;
			};
			name = Release;
		};
/* End XCBuildConfiguration section */

/* Begin XCConfigurationList section */
		F6057A12258380CB0073F3A8 /* Build configuration list for PBXProject "Planet" */ = {
			isa = XCConfigurationList;
			buildConfigurations = (
				F6057A3F258380D00073F3A8 /* Debug */,
				F6057A40258380D00073F3A8 /* Release */,
			);
			defaultConfigurationIsVisible = 0;
			defaultConfigurationName = Release;
		};
		F6057A41258380D00073F3A8 /* Build configuration list for PBXNativeTarget "Planet" */ = {
			isa = XCConfigurationList;
			buildConfigurations = (
				F6057A42258380D00073F3A8 /* Debug */,
				F6057A43258380D00073F3A8 /* Release */,
			);
			defaultConfigurationIsVisible = 0;
			defaultConfigurationName = Release;
		};
		F6057A44258380D00073F3A8 /* Build configuration list for PBXNativeTarget "PlanetTests" */ = {
			isa = XCConfigurationList;
			buildConfigurations = (
				F6057A45258380D00073F3A8 /* Debug */,
				F6057A46258380D00073F3A8 /* Release */,
			);
			defaultConfigurationIsVisible = 0;
			defaultConfigurationName = Release;
		};
		F6057A47258380D00073F3A8 /* Build configuration list for PBXNativeTarget "PlanetUITests" */ = {
			isa = XCConfigurationList;
			buildConfigurations = (
				F6057A48258380D00073F3A8 /* Debug */,
				F6057A49258380D00073F3A8 /* Release */,
			);
			defaultConfigurationIsVisible = 0;
			defaultConfigurationName = Release;
		};
/* End XCConfigurationList section */
	};
	rootObject = F6057A0F258380CB0073F3A8 /* Project object */;
}
